
Microsoft Visual Studio Solution File, Format Version 12.00
# Visual Studio Version 17
VisualStudioVersion = 17.7.34202.233
MinimumVisualStudioVersion = 10.0.40219.1
Project("{FAE04EC0-301F-11D3-BF4B-00C04F79EFBC}") = "Forms", "Forms\Forms.csproj", "{22632B9F-F5D9-4B86-B8A4-71072D2C4B1B}"
EndProject
Global
	GlobalSection(SolutionConfigurationPlatforms) = preSolution
		Debug|Any CPU = Debug|Any CPU
		Release|Any CPU = Release|Any CPU
	EndGlobalSection
	GlobalSection(ProjectConfigurationPlatforms) = postSolution
		{22632B9F-F5D9-4B86-B8A4-71072D2C4B1B}.Debug|Any CPU.ActiveCfg = Debug|Any CPU
		{22632B9F-F5D9-4B86-B8A4-71072D2C4B1B}.Debug|Any CPU.Build.0 = Debug|Any CPU
		{22632B9F-F5D9-4B86-B8A4-71072D2C4B1B}.Release|Any CPU.ActiveCfg = Release|Any CPU
		{22632B9F-F5D9-4B86-B8A4-71072D2C4B1B}.Release|Any CPU.Build.0 = Release|Any CPU
	EndGlobalSection
	GlobalSection(SolutionProperties) = preSolution
		HideSolutionNode = FALSE
	EndGlobalSection
	GlobalSection(ExtensibilityGlobals) = postSolution
		SolutionGuid = {B5A43736-1F3F-4223-BAC9-7C6AFED14C4E}
	EndGlobalSection
EndGlobal
